
Microsoft Visual Studio Solution File, Format Version 12.00
# Visual Studio Version 17
VisualStudioVersion = 17.2.32526.322
MinimumVisualStudioVersion = 10.0.40219.1
Project("{FAE04EC0-301F-11D3-BF4B-00C04F79EFBC}") = "DocumentApiExample", "DocumentApiExample\DocumentApiExample.csproj", "{77AC3D40-6051-41A8-90D5-75B7664257DB}"
EndProject
Project("{9A19103F-16F7-4668-BE54-9A1E7A4F7556}") = "DocumentApiExampleHashId", "DocumentApiExampleHashId\DocumentApiExampleHashId.csproj", "{211C397C-4E81-4DDB-9A64-8EAB38D92376}"
EndProject
Project("{FAE04EC0-301F-11D3-BF4B-00C04F79EFBC}") = "Hashid.ConsoleApp", "Hashid.ConsoleApp\Hashid.ConsoleApp.csproj", "{F6380564-9B01-4338-9704-20D17333F0C8}"
EndProject
Global
	GlobalSection(SolutionConfigurationPlatforms) = preSolution
		Debug|Any CPU = Debug|Any CPU
		Release|Any CPU = Release|Any CPU
	EndGlobalSection
	GlobalSection(ProjectConfigurationPlatforms) = postSolution
		{77AC3D40-6051-41A8-90D5-75B7664257DB}.Debug|Any CPU.ActiveCfg = Debug|Any CPU
		{77AC3D40-6051-41A8-90D5-75B7664257DB}.Debug|Any CPU.Build.0 = Debug|Any CPU
		{77AC3D40-6051-41A8-90D5-75B7664257DB}.Release|Any CPU.ActiveCfg = Release|Any CPU
		{77AC3D40-6051-41A8-90D5-75B7664257DB}.Release|Any CPU.Build.0 = Release|Any CPU
		{211C397C-4E81-4DDB-9A64-8EAB38D92376}.Debug|Any CPU.ActiveCfg = Debug|Any CPU
		{211C397C-4E81-4DDB-9A64-8EAB38D92376}.Debug|Any CPU.Build.0 = Debug|Any CPU
		{211C397C-4E81-4DDB-9A64-8EAB38D92376}.Release|Any CPU.ActiveCfg = Release|Any CPU
		{211C397C-4E81-4DDB-9A64-8EAB38D92376}.Release|Any CPU.Build.0 = Release|Any CPU
		{F6380564-9B01-4338-9704-20D17333F0C8}.Debug|Any CPU.ActiveCfg = Debug|Any CPU
		{F6380564-9B01-4338-9704-20D17333F0C8}.Debug|Any CPU.Build.0 = Debug|Any CPU
		{F6380564-9B01-4338-9704-20D17333F0C8}.Release|Any CPU.ActiveCfg = Release|Any CPU
		{F6380564-9B01-4338-9704-20D17333F0C8}.Release|Any CPU.Build.0 = Release|Any CPU
	EndGlobalSection
	GlobalSection(SolutionProperties) = preSolution
		HideSolutionNode = FALSE
	EndGlobalSection
	GlobalSection(ExtensibilityGlobals) = postSolution
		SolutionGuid = {2907EACF-C765-4E76-884D-9CD2C8ECDEB9}
	EndGlobalSection
EndGlobal
