
Microsoft Visual Studio Solution File, Format Version 12.00
# Visual Studio Version 17
VisualStudioVersion = 17.2.32526.322
MinimumVisualStudioVersion = 10.0.40219.1
Project("{FAE04EC0-301F-11D3-BF4B-00C04F79EFBC}") = "DocumentApiExample", "DocumentApiExample\DocumentApiExample.csproj", "{77AC3D40-6051-41A8-90D5-75B7664257DB}"
EndProject
Global
	GlobalSection(SolutionConfigurationPlatforms) = preSolution
		Debug|Any CPU = Debug|Any CPU
		Release|Any CPU = Release|Any CPU
	EndGlobalSection
	GlobalSection(ProjectConfigurationPlatforms) = postSolution
		{77AC3D40-6051-41A8-90D5-75B7664257DB}.Debug|Any CPU.ActiveCfg = Debug|Any CPU
		{77AC3D40-6051-41A8-90D5-75B7664257DB}.Debug|Any CPU.Build.0 = Debug|Any CPU
		{77AC3D40-6051-41A8-90D5-75B7664257DB}.Release|Any CPU.ActiveCfg = Release|Any CPU
		{77AC3D40-6051-41A8-90D5-75B7664257DB}.Release|Any CPU.Build.0 = Release|Any CPU
	EndGlobalSection
	GlobalSection(SolutionProperties) = preSolution
		HideSolutionNode = FALSE
	EndGlobalSection
	GlobalSection(ExtensibilityGlobals) = postSolution
		SolutionGuid = {2907EACF-C765-4E76-884D-9CD2C8ECDEB9}
	EndGlobalSection
EndGlobal
